
Microsoft Visual Studio Solution File, Format Version 12.00
# Visual Studio Version 17
VisualStudioVersion = 17.2.32630.192
MinimumVisualStudioVersion = 10.0.40219.1
Project("{9A19103F-16F7-4668-BE54-9A1E7A4F7556}") = "KampIntro", "KampIntro\KampIntro.csproj", "{8D3D0759-43AF-4922-863B-3B4A35A51EEE}"
EndProject
Project("{9A19103F-16F7-4668-BE54-9A1E7A4F7556}") = "Donguler", "Donguler\Donguler.csproj", "{41508965-5EE3-4FE2-87A9-6AF4D4D391B7}"
EndProject
Project("{9A19103F-16F7-4668-BE54-9A1E7A4F7556}") = "Metotlar", "Metotlar\Metotlar.csproj", "{C4FB9C24-3C65-467B-B6D1-068322BE319C}"
EndProject
Project("{9A19103F-16F7-4668-BE54-9A1E7A4F7556}") = "Matematik", "Matematik\Matematik.csproj", "{A3BE98F2-B0FE-4283-BA1A-75B64292F100}"
EndProject
Project("{9A19103F-16F7-4668-BE54-9A1E7A4F7556}") = "DegerVeReferansTipler", "DegerVeReferansTipler\DegerVeReferansTipler.csproj", "{837826A0-CB97-43B6-AD48-A0802EACB3FA}"
EndProject
Project("{9A19103F-16F7-4668-BE54-9A1E7A4F7556}") = "OOP1", "OOP1\OOP1.csproj", "{008FFA7F-92BA-49FE-B753-C1754AF3E95D}"
EndProject
Project("{9A19103F-16F7-4668-BE54-9A1E7A4F7556}") = "Koleksiyonlar", "Koleksiyonlar\Koleksiyonlar.csproj", "{1E077EF6-0081-4D0D-AB5D-DD0BEF0240B4}"
EndProject
Project("{9A19103F-16F7-4668-BE54-9A1E7A4F7556}") = "GenericsIntro", "GenericsIntro\GenericsIntro.csproj", "{1A9835EF-598E-4698-84F5-E00EAE99654B}"
EndProject
Project("{9A19103F-16F7-4668-BE54-9A1E7A4F7556}") = "OOP2", "OOP2\OOP2.csproj", "{0A2FB94C-D08D-4EE3-B694-7F207FEDAED4}"
EndProject
Project("{FAE04EC0-301F-11D3-BF4B-00C04F79EFBC}") = "OOP3", "OOP3\OOP3.csproj", "{E1A34AF1-9EFC-4CE7-B3DD-6838C3400192}"
EndProject
Global
	GlobalSection(SolutionConfigurationPlatforms) = preSolution
		Debug|Any CPU = Debug|Any CPU
		Release|Any CPU = Release|Any CPU
	EndGlobalSection
	GlobalSection(ProjectConfigurationPlatforms) = postSolution
		{8D3D0759-43AF-4922-863B-3B4A35A51EEE}.Debug|Any CPU.ActiveCfg = Debug|Any CPU
		{8D3D0759-43AF-4922-863B-3B4A35A51EEE}.Debug|Any CPU.Build.0 = Debug|Any CPU
		{8D3D0759-43AF-4922-863B-3B4A35A51EEE}.Release|Any CPU.ActiveCfg = Release|Any CPU
		{8D3D0759-43AF-4922-863B-3B4A35A51EEE}.Release|Any CPU.Build.0 = Release|Any CPU
		{41508965-5EE3-4FE2-87A9-6AF4D4D391B7}.Debug|Any CPU.ActiveCfg = Debug|Any CPU
		{41508965-5EE3-4FE2-87A9-6AF4D4D391B7}.Debug|Any CPU.Build.0 = Debug|Any CPU
		{41508965-5EE3-4FE2-87A9-6AF4D4D391B7}.Release|Any CPU.ActiveCfg = Release|Any CPU
		{41508965-5EE3-4FE2-87A9-6AF4D4D391B7}.Release|Any CPU.Build.0 = Release|Any CPU
		{C4FB9C24-3C65-467B-B6D1-068322BE319C}.Debug|Any CPU.ActiveCfg = Debug|Any CPU
		{C4FB9C24-3C65-467B-B6D1-068322BE319C}.Debug|Any CPU.Build.0 = Debug|Any CPU
		{C4FB9C24-3C65-467B-B6D1-068322BE319C}.Release|Any CPU.ActiveCfg = Release|Any CPU
		{C4FB9C24-3C65-467B-B6D1-068322BE319C}.Release|Any CPU.Build.0 = Release|Any CPU
		{A3BE98F2-B0FE-4283-BA1A-75B64292F100}.Debug|Any CPU.ActiveCfg = Debug|Any CPU
		{A3BE98F2-B0FE-4283-BA1A-75B64292F100}.Debug|Any CPU.Build.0 = Debug|Any CPU
		{A3BE98F2-B0FE-4283-BA1A-75B64292F100}.Release|Any CPU.ActiveCfg = Release|Any CPU
		{A3BE98F2-B0FE-4283-BA1A-75B64292F100}.Release|Any CPU.Build.0 = Release|Any CPU
		{837826A0-CB97-43B6-AD48-A0802EACB3FA}.Debug|Any CPU.ActiveCfg = Debug|Any CPU
		{837826A0-CB97-43B6-AD48-A0802EACB3FA}.Debug|Any CPU.Build.0 = Debug|Any CPU
		{837826A0-CB97-43B6-AD48-A0802EACB3FA}.Release|Any CPU.ActiveCfg = Release|Any CPU
		{837826A0-CB97-43B6-AD48-A0802EACB3FA}.Release|Any CPU.Build.0 = Release|Any CPU
		{008FFA7F-92BA-49FE-B753-C1754AF3E95D}.Debug|Any CPU.ActiveCfg = Debug|Any CPU
		{008FFA7F-92BA-49FE-B753-C1754AF3E95D}.Debug|Any CPU.Build.0 = Debug|Any CPU
		{008FFA7F-92BA-49FE-B753-C1754AF3E95D}.Release|Any CPU.ActiveCfg = Release|Any CPU
		{008FFA7F-92BA-49FE-B753-C1754AF3E95D}.Release|Any CPU.Build.0 = Release|Any CPU
		{1E077EF6-0081-4D0D-AB5D-DD0BEF0240B4}.Debug|Any CPU.ActiveCfg = Debug|Any CPU
		{1E077EF6-0081-4D0D-AB5D-DD0BEF0240B4}.Debug|Any CPU.Build.0 = Debug|Any CPU
		{1E077EF6-0081-4D0D-AB5D-DD0BEF0240B4}.Release|Any CPU.ActiveCfg = Release|Any CPU
		{1E077EF6-0081-4D0D-AB5D-DD0BEF0240B4}.Release|Any CPU.Build.0 = Release|Any CPU
		{1A9835EF-598E-4698-84F5-E00EAE99654B}.Debug|Any CPU.ActiveCfg = Debug|Any CPU
		{1A9835EF-598E-4698-84F5-E00EAE99654B}.Debug|Any CPU.Build.0 = Debug|Any CPU
		{1A9835EF-598E-4698-84F5-E00EAE99654B}.Release|Any CPU.ActiveCfg = Release|Any CPU
		{1A9835EF-598E-4698-84F5-E00EAE99654B}.Release|Any CPU.Build.0 = Release|Any CPU
		{0A2FB94C-D08D-4EE3-B694-7F207FEDAED4}.Debug|Any CPU.ActiveCfg = Debug|Any CPU
		{0A2FB94C-D08D-4EE3-B694-7F207FEDAED4}.Debug|Any CPU.Build.0 = Debug|Any CPU
		{0A2FB94C-D08D-4EE3-B694-7F207FEDAED4}.Release|Any CPU.ActiveCfg = Release|Any CPU
		{0A2FB94C-D08D-4EE3-B694-7F207FEDAED4}.Release|Any CPU.Build.0 = Release|Any CPU
		{E1A34AF1-9EFC-4CE7-B3DD-6838C3400192}.Debug|Any CPU.ActiveCfg = Debug|Any CPU
		{E1A34AF1-9EFC-4CE7-B3DD-6838C3400192}.Debug|Any CPU.Build.0 = Debug|Any CPU
		{E1A34AF1-9EFC-4CE7-B3DD-6838C3400192}.Release|Any CPU.ActiveCfg = Release|Any CPU
		{E1A34AF1-9EFC-4CE7-B3DD-6838C3400192}.Release|Any CPU.Build.0 = Release|Any CPU
	EndGlobalSection
	GlobalSection(SolutionProperties) = preSolution
		HideSolutionNode = FALSE
	EndGlobalSection
	GlobalSection(ExtensibilityGlobals) = postSolution
		SolutionGuid = {26A72DB4-33A1-4BD3-B8BE-6805E57F6B8B}
	EndGlobalSection
EndGlobal
